
Microsoft Visual Studio Solution File, Format Version 12.00
# Visual Studio Version 16
VisualStudioVersion = 16.0.31205.134
MinimumVisualStudioVersion = 10.0.40219.1
Project("{FAE04EC0-301F-11D3-BF4B-00C04F79EFBC}") = "ProjectWeb.Lib", "ProjectWeb.Lib\ProjectWeb.Lib.csproj", "{448FAF3F-CE9B-4750-8ACE-263E0751E201}"
EndProject
Project("{FAE04EC0-301F-11D3-BF4B-00C04F79EFBC}") = "ProjectWeb.ClientAngular", "ProjectWeb.ClientAngular\ProjectWeb.ClientAngular.csproj", "{B87824E2-C578-41E6-9FE0-6DD3A9AB3E49}"
EndProject
Project("{FAE04EC0-301F-11D3-BF4B-00C04F79EFBC}") = "ProjectWeb.WebMVC", "ProjectWeb.WebMVC\ProjectWeb.WebMVC.csproj", "{11F82D19-485B-4AE5-9EF0-9217FAE83FE2}"
EndProject
Project("{2150E333-8FDC-42A3-9474-1A3956D46DE8}") = "Client", "Client", "{D61822F5-FFEC-431E-9D86-9C02A4F92DA3}"
EndProject
Project("{FAE04EC0-301F-11D3-BF4B-00C04F79EFBC}") = "ProjectWeb.API", "ProjectWeb.API\ProjectWeb.API.csproj", "{C04B9CFE-37EC-4319-A5BD-6A32ED2AB94F}"
EndProject
Global
	GlobalSection(SolutionConfigurationPlatforms) = preSolution
		Debug|Any CPU = Debug|Any CPU
		Release|Any CPU = Release|Any CPU
	EndGlobalSection
	GlobalSection(ProjectConfigurationPlatforms) = postSolution
		{448FAF3F-CE9B-4750-8ACE-263E0751E201}.Debug|Any CPU.ActiveCfg = Debug|Any CPU
		{448FAF3F-CE9B-4750-8ACE-263E0751E201}.Debug|Any CPU.Build.0 = Debug|Any CPU
		{448FAF3F-CE9B-4750-8ACE-263E0751E201}.Release|Any CPU.ActiveCfg = Release|Any CPU
		{448FAF3F-CE9B-4750-8ACE-263E0751E201}.Release|Any CPU.Build.0 = Release|Any CPU
		{B87824E2-C578-41E6-9FE0-6DD3A9AB3E49}.Debug|Any CPU.ActiveCfg = Debug|Any CPU
		{B87824E2-C578-41E6-9FE0-6DD3A9AB3E49}.Debug|Any CPU.Build.0 = Debug|Any CPU
		{B87824E2-C578-41E6-9FE0-6DD3A9AB3E49}.Release|Any CPU.ActiveCfg = Release|Any CPU
		{B87824E2-C578-41E6-9FE0-6DD3A9AB3E49}.Release|Any CPU.Build.0 = Release|Any CPU
		{11F82D19-485B-4AE5-9EF0-9217FAE83FE2}.Debug|Any CPU.ActiveCfg = Debug|Any CPU
		{11F82D19-485B-4AE5-9EF0-9217FAE83FE2}.Debug|Any CPU.Build.0 = Debug|Any CPU
		{11F82D19-485B-4AE5-9EF0-9217FAE83FE2}.Release|Any CPU.ActiveCfg = Release|Any CPU
		{11F82D19-485B-4AE5-9EF0-9217FAE83FE2}.Release|Any CPU.Build.0 = Release|Any CPU
		{C04B9CFE-37EC-4319-A5BD-6A32ED2AB94F}.Debug|Any CPU.ActiveCfg = Debug|Any CPU
		{C04B9CFE-37EC-4319-A5BD-6A32ED2AB94F}.Debug|Any CPU.Build.0 = Debug|Any CPU
		{C04B9CFE-37EC-4319-A5BD-6A32ED2AB94F}.Release|Any CPU.ActiveCfg = Release|Any CPU
		{C04B9CFE-37EC-4319-A5BD-6A32ED2AB94F}.Release|Any CPU.Build.0 = Release|Any CPU
	EndGlobalSection
	GlobalSection(SolutionProperties) = preSolution
		HideSolutionNode = FALSE
	EndGlobalSection
	GlobalSection(NestedProjects) = preSolution
		{B87824E2-C578-41E6-9FE0-6DD3A9AB3E49} = {D61822F5-FFEC-431E-9D86-9C02A4F92DA3}
		{11F82D19-485B-4AE5-9EF0-9217FAE83FE2} = {D61822F5-FFEC-431E-9D86-9C02A4F92DA3}
	EndGlobalSection
	GlobalSection(ExtensibilityGlobals) = postSolution
		SolutionGuid = {7D43A6DB-C071-44CE-A7D3-797EA1E42B6D}
	EndGlobalSection
EndGlobal
